Microsoft Visual Studio Solution File, Format Version 11.00
# Visual Studio 2008

Project("{86B14C35-E340-4C58-B6B4-B7CF6CD5C0A7}") = "MecanimTest", "Assembly-CSharp-vs.csproj", "{F6642F48-0D13-C6DD-3D3B-9044C9A16871}"
EndProject
Global
	GlobalSection(SolutionConfigurationPlatforms) = preSolution
		Debug|Any CPU = Debug|Any CPU
		Release|Any CPU = Release|Any CPU
	EndGlobalSection
	GlobalSection(ProjectConfigurationPlatforms) = postSolution
		{F6642F48-0D13-C6DD-3D3B-9044C9A16871}.Debug|Any CPU.ActiveCfg = Debug|Any CPU
		{F6642F48-0D13-C6DD-3D3B-9044C9A16871}.Debug|Any CPU.Build.0 = Debug|Any CPU
		{F6642F48-0D13-C6DD-3D3B-9044C9A16871}.Release|Any CPU.ActiveCfg = Release|Any CPU
		{F6642F48-0D13-C6DD-3D3B-9044C9A16871}.Release|Any CPU.Build.0 = Release|Any CPU
	EndGlobalSection
	GlobalSection(SolutionProperties) = preSolution
		HideSolutionNode = FALSE
	EndGlobalSection
			GlobalSection(MonoDevelopProperties) = preSolution
		StartupItem = Assembly-CSharp.csproj
		Policies = $0
		$0.TextStylePolicy = $1
		$1.inheritsSet = null
		$1.scope = text/x-csharp
		$0.CSharpFormattingPolicy = $2
		$2.inheritsSet = Mono
		$2.inheritsScope = text/x-csharp
		$2.scope = text/x-csharp
		$0.TextStylePolicy = $3
		$3.FileWidth = 120
		$3.TabWidth = 4
		$3.IndentWidth = 4
		$3.EolMarker = Unix
		$3.inheritsSet = Mono
		$3.inheritsScope = text/plain
		$3.scope = text/plain
	EndGlobalSection

EndGlobal
